{
  "requires": true,
  "lockfileVersion": 1,
  "dependencies": {
    "@vant/weapp": {
      "version": "1.0.5",
      "resolved": "https://registry.npm.taobao.org/@vant/weapp/download/@vant/weapp-1.0.5.tgz",
      "integrity": "sha1-NvL56kb5wfje9ud20c5m9SUVCxY="
    },
    "weui-miniprogram": {
      "version": "0.2.1",
      "resolved": "https://registry.npm.taobao.org/weui-miniprogram/download/weui-miniprogram-0.2.1.tgz",
      "integrity": "sha1-QZwJ08AEOFTL3N1BFye76oFM30g="
    }
  }
}
